
Microsoft Visual Studio Solution File, Format Version 12.00
# Visual Studio 15
VisualStudioVersion = 15.0.26124.0
MinimumVisualStudioVersion = 15.0.26124.0
Project("{2150E333-8FDC-42A3-9474-1A3956D46DE8}") = "src", "src", "{06A2A2CA-DB1B-4377-AF32-93CDBE589D57}"
EndProject
Project("{FAE04EC0-301F-11D3-BF4B-00C04F79EFBC}") = "Products.Api", "src\Api\Products.Api.csproj", "{86BA9EC4-EDD2-4B8F-A289-47F26DD7C104}"
EndProject
Project("{FAE04EC0-301F-11D3-BF4B-00C04F79EFBC}") = "Products.Application", "src\Application\Products.Application.csproj", "{EE344E60-059B-4740-A110-227D5D5C214D}"
EndProject
Project("{FAE04EC0-301F-11D3-BF4B-00C04F79EFBC}") = "Products.Domain", "src\Domain\Products.Domain.csproj", "{913554EA-95FB-473C-833D-C4F43A5F78AE}"
EndProject
Project("{FAE04EC0-301F-11D3-BF4B-00C04F79EFBC}") = "Products.Domain.Tests", "test\Domain\Products.Domain.Tests.csproj", "{78632CC8-2FB1-499E-AB71-74355B719B1E}"
EndProject
Project("{2150E333-8FDC-42A3-9474-1A3956D46DE8}") = "test", "test", "{8B66005B-75CB-42D6-ABCB-95B6D2A89531}"
EndProject
Project("{FAE04EC0-301F-11D3-BF4B-00C04F79EFBC}") = "Products.Application.Tests", "test\Application\Products.Application.Tests.csproj", "{98452011-29D9-4166-A181-2AC65EDC8B40}"
EndProject
Project("{FAE04EC0-301F-11D3-BF4B-00C04F79EFBC}") = "Products.Infrastructure.Tests", "test\Infrastructure\Products.Infrastructure.Tests.csproj", "{2A409D2F-874D-4541-8EED-51FCB5D147F9}"
EndProject
Global
	GlobalSection(SolutionConfigurationPlatforms) = preSolution
		Debug|Any CPU = Debug|Any CPU
		Debug|x64 = Debug|x64
		Debug|x86 = Debug|x86
		Release|Any CPU = Release|Any CPU
		Release|x64 = Release|x64
		Release|x86 = Release|x86
	EndGlobalSection
	GlobalSection(SolutionProperties) = preSolution
		HideSolutionNode = FALSE
	EndGlobalSection
	GlobalSection(ProjectConfigurationPlatforms) = postSolution
		{86BA9EC4-EDD2-4B8F-A289-47F26DD7C104}.Debug|Any CPU.ActiveCfg = Debug|Any CPU
		{86BA9EC4-EDD2-4B8F-A289-47F26DD7C104}.Debug|Any CPU.Build.0 = Debug|Any CPU
		{86BA9EC4-EDD2-4B8F-A289-47F26DD7C104}.Debug|x64.ActiveCfg = Debug|Any CPU
		{86BA9EC4-EDD2-4B8F-A289-47F26DD7C104}.Debug|x64.Build.0 = Debug|Any CPU
		{86BA9EC4-EDD2-4B8F-A289-47F26DD7C104}.Debug|x86.ActiveCfg = Debug|Any CPU
		{86BA9EC4-EDD2-4B8F-A289-47F26DD7C104}.Debug|x86.Build.0 = Debug|Any CPU
		{86BA9EC4-EDD2-4B8F-A289-47F26DD7C104}.Release|Any CPU.ActiveCfg = Release|Any CPU
		{86BA9EC4-EDD2-4B8F-A289-47F26DD7C104}.Release|Any CPU.Build.0 = Release|Any CPU
		{86BA9EC4-EDD2-4B8F-A289-47F26DD7C104}.Release|x64.ActiveCfg = Release|Any CPU
		{86BA9EC4-EDD2-4B8F-A289-47F26DD7C104}.Release|x64.Build.0 = Release|Any CPU
		{86BA9EC4-EDD2-4B8F-A289-47F26DD7C104}.Release|x86.ActiveCfg = Release|Any CPU
		{86BA9EC4-EDD2-4B8F-A289-47F26DD7C104}.Release|x86.Build.0 = Release|Any CPU
		{EE344E60-059B-4740-A110-227D5D5C214D}.Debug|Any CPU.ActiveCfg = Debug|Any CPU
		{EE344E60-059B-4740-A110-227D5D5C214D}.Debug|Any CPU.Build.0 = Debug|Any CPU
		{EE344E60-059B-4740-A110-227D5D5C214D}.Debug|x64.ActiveCfg = Debug|Any CPU
		{EE344E60-059B-4740-A110-227D5D5C214D}.Debug|x64.Build.0 = Debug|Any CPU
		{EE344E60-059B-4740-A110-227D5D5C214D}.Debug|x86.ActiveCfg = Debug|Any CPU
		{EE344E60-059B-4740-A110-227D5D5C214D}.Debug|x86.Build.0 = Debug|Any CPU
		{EE344E60-059B-4740-A110-227D5D5C214D}.Release|Any CPU.ActiveCfg = Release|Any CPU
		{EE344E60-059B-4740-A110-227D5D5C214D}.Release|Any CPU.Build.0 = Release|Any CPU
		{EE344E60-059B-4740-A110-227D5D5C214D}.Release|x64.ActiveCfg = Release|Any CPU
		{EE344E60-059B-4740-A110-227D5D5C214D}.Release|x64.Build.0 = Release|Any CPU
		{EE344E60-059B-4740-A110-227D5D5C214D}.Release|x86.ActiveCfg = Release|Any CPU
		{EE344E60-059B-4740-A110-227D5D5C214D}.Release|x86.Build.0 = Release|Any CPU
		{913554EA-95FB-473C-833D-C4F43A5F78AE}.Debug|Any CPU.ActiveCfg = Debug|Any CPU
		{913554EA-95FB-473C-833D-C4F43A5F78AE}.Debug|Any CPU.Build.0 = Debug|Any CPU
		{913554EA-95FB-473C-833D-C4F43A5F78AE}.Debug|x64.ActiveCfg = Debug|Any CPU
		{913554EA-95FB-473C-833D-C4F43A5F78AE}.Debug|x64.Build.0 = Debug|Any CPU
		{913554EA-95FB-473C-833D-C4F43A5F78AE}.Debug|x86.ActiveCfg = Debug|Any CPU
		{913554EA-95FB-473C-833D-C4F43A5F78AE}.Debug|x86.Build.0 = Debug|Any CPU
		{913554EA-95FB-473C-833D-C4F43A5F78AE}.Release|Any CPU.ActiveCfg = Release|Any CPU
		{913554EA-95FB-473C-833D-C4F43A5F78AE}.Release|Any CPU.Build.0 = Release|Any CPU
		{913554EA-95FB-473C-833D-C4F43A5F78AE}.Release|x64.ActiveCfg = Release|Any CPU
		{913554EA-95FB-473C-833D-C4F43A5F78AE}.Release|x64.Build.0 = Release|Any CPU
		{913554EA-95FB-473C-833D-C4F43A5F78AE}.Release|x86.ActiveCfg = Release|Any CPU
		{913554EA-95FB-473C-833D-C4F43A5F78AE}.Release|x86.Build.0 = Release|Any CPU
		{78632CC8-2FB1-499E-AB71-74355B719B1E}.Debug|Any CPU.ActiveCfg = Debug|Any CPU
		{78632CC8-2FB1-499E-AB71-74355B719B1E}.Debug|Any CPU.Build.0 = Debug|Any CPU
		{78632CC8-2FB1-499E-AB71-74355B719B1E}.Debug|x64.ActiveCfg = Debug|Any CPU
		{78632CC8-2FB1-499E-AB71-74355B719B1E}.Debug|x64.Build.0 = Debug|Any CPU
		{78632CC8-2FB1-499E-AB71-74355B719B1E}.Debug|x86.ActiveCfg = Debug|Any CPU
		{78632CC8-2FB1-499E-AB71-74355B719B1E}.Debug|x86.Build.0 = Debug|Any CPU
		{78632CC8-2FB1-499E-AB71-74355B719B1E}.Release|Any CPU.ActiveCfg = Release|Any CPU
		{78632CC8-2FB1-499E-AB71-74355B719B1E}.Release|Any CPU.Build.0 = Release|Any CPU
		{78632CC8-2FB1-499E-AB71-74355B719B1E}.Release|x64.ActiveCfg = Release|Any CPU
		{78632CC8-2FB1-499E-AB71-74355B719B1E}.Release|x64.Build.0 = Release|Any CPU
		{78632CC8-2FB1-499E-AB71-74355B719B1E}.Release|x86.ActiveCfg = Release|Any CPU
		{78632CC8-2FB1-499E-AB71-74355B719B1E}.Release|x86.Build.0 = Release|Any CPU
		{98452011-29D9-4166-A181-2AC65EDC8B40}.Debug|Any CPU.ActiveCfg = Debug|Any CPU
		{98452011-29D9-4166-A181-2AC65EDC8B40}.Debug|Any CPU.Build.0 = Debug|Any CPU
		{98452011-29D9-4166-A181-2AC65EDC8B40}.Debug|x64.ActiveCfg = Debug|Any CPU
		{98452011-29D9-4166-A181-2AC65EDC8B40}.Debug|x64.Build.0 = Debug|Any CPU
		{98452011-29D9-4166-A181-2AC65EDC8B40}.Debug|x86.ActiveCfg = Debug|Any CPU
		{98452011-29D9-4166-A181-2AC65EDC8B40}.Debug|x86.Build.0 = Debug|Any CPU
		{98452011-29D9-4166-A181-2AC65EDC8B40}.Release|Any CPU.ActiveCfg = Release|Any CPU
		{98452011-29D9-4166-A181-2AC65EDC8B40}.Release|Any CPU.Build.0 = Release|Any CPU
		{98452011-29D9-4166-A181-2AC65EDC8B40}.Release|x64.ActiveCfg = Release|Any CPU
		{98452011-29D9-4166-A181-2AC65EDC8B40}.Release|x64.Build.0 = Release|Any CPU
		{98452011-29D9-4166-A181-2AC65EDC8B40}.Release|x86.ActiveCfg = Release|Any CPU
		{98452011-29D9-4166-A181-2AC65EDC8B40}.Release|x86.Build.0 = Release|Any CPU
		{2A409D2F-874D-4541-8EED-51FCB5D147F9}.Debug|Any CPU.ActiveCfg = Debug|Any CPU
		{2A409D2F-874D-4541-8EED-51FCB5D147F9}.Debug|Any CPU.Build.0 = Debug|Any CPU
		{2A409D2F-874D-4541-8EED-51FCB5D147F9}.Debug|x64.ActiveCfg = Debug|Any CPU
		{2A409D2F-874D-4541-8EED-51FCB5D147F9}.Debug|x64.Build.0 = Debug|Any CPU
		{2A409D2F-874D-4541-8EED-51FCB5D147F9}.Debug|x86.ActiveCfg = Debug|Any CPU
		{2A409D2F-874D-4541-8EED-51FCB5D147F9}.Debug|x86.Build.0 = Debug|Any CPU
		{2A409D2F-874D-4541-8EED-51FCB5D147F9}.Release|Any CPU.ActiveCfg = Release|Any CPU
		{2A409D2F-874D-4541-8EED-51FCB5D147F9}.Release|Any CPU.Build.0 = Release|Any CPU
		{2A409D2F-874D-4541-8EED-51FCB5D147F9}.Release|x64.ActiveCfg = Release|Any CPU
		{2A409D2F-874D-4541-8EED-51FCB5D147F9}.Release|x64.Build.0 = Release|Any CPU
		{2A409D2F-874D-4541-8EED-51FCB5D147F9}.Release|x86.ActiveCfg = Release|Any CPU
		{2A409D2F-874D-4541-8EED-51FCB5D147F9}.Release|x86.Build.0 = Release|Any CPU
	EndGlobalSection
	GlobalSection(NestedProjects) = preSolution
		{86BA9EC4-EDD2-4B8F-A289-47F26DD7C104} = {06A2A2CA-DB1B-4377-AF32-93CDBE589D57}
		{EE344E60-059B-4740-A110-227D5D5C214D} = {06A2A2CA-DB1B-4377-AF32-93CDBE589D57}
		{913554EA-95FB-473C-833D-C4F43A5F78AE} = {06A2A2CA-DB1B-4377-AF32-93CDBE589D57}
		{98452011-29D9-4166-A181-2AC65EDC8B40} = {8B66005B-75CB-42D6-ABCB-95B6D2A89531}
		{2A409D2F-874D-4541-8EED-51FCB5D147F9} = {8B66005B-75CB-42D6-ABCB-95B6D2A89531}
	EndGlobalSection
EndGlobal
