
Microsoft Visual Studio Solution File, Format Version 12.00
# Visual Studio 15
VisualStudioVersion = 15.0.26124.0
MinimumVisualStudioVersion = 15.0.26124.0
Project("{FAE04EC0-301F-11D3-BF4B-00C04F79EFBC}") = "Products.Domain", "Domain\Products.Domain.csproj", "{0C8B1639-5856-4837-8BF3-9677B44C27E2}"
EndProject
Project("{FAE04EC0-301F-11D3-BF4B-00C04F79EFBC}") = "Products.Infrastructure", "Infrastructure\Products.Infrastructure.csproj", "{BC621CF6-86A2-4958-A506-13E73C9509D3}"
EndProject
Project("{FAE04EC0-301F-11D3-BF4B-00C04F79EFBC}") = "Products.Application", "Application\Products.Application.csproj", "{711D7F2D-9E42-4595-A149-88F7F708FC0E}"
EndProject
Project("{FAE04EC0-301F-11D3-BF4B-00C04F79EFBC}") = "Products.Api", "Api\Products.Api.csproj", "{CC236A45-8DBB-4EF9-9392-C9C3E87C2ABD}"
EndProject
Global
	GlobalSection(SolutionConfigurationPlatforms) = preSolution
		Debug|Any CPU = Debug|Any CPU
		Debug|x64 = Debug|x64
		Debug|x86 = Debug|x86
		Release|Any CPU = Release|Any CPU
		Release|x64 = Release|x64
		Release|x86 = Release|x86
	EndGlobalSection
	GlobalSection(SolutionProperties) = preSolution
		HideSolutionNode = FALSE
	EndGlobalSection
	GlobalSection(ProjectConfigurationPlatforms) = postSolution
		{0C8B1639-5856-4837-8BF3-9677B44C27E2}.Debug|Any CPU.ActiveCfg = Debug|Any CPU
		{0C8B1639-5856-4837-8BF3-9677B44C27E2}.Debug|Any CPU.Build.0 = Debug|Any CPU
		{0C8B1639-5856-4837-8BF3-9677B44C27E2}.Debug|x64.ActiveCfg = Debug|Any CPU
		{0C8B1639-5856-4837-8BF3-9677B44C27E2}.Debug|x64.Build.0 = Debug|Any CPU
		{0C8B1639-5856-4837-8BF3-9677B44C27E2}.Debug|x86.ActiveCfg = Debug|Any CPU
		{0C8B1639-5856-4837-8BF3-9677B44C27E2}.Debug|x86.Build.0 = Debug|Any CPU
		{0C8B1639-5856-4837-8BF3-9677B44C27E2}.Release|Any CPU.ActiveCfg = Release|Any CPU
		{0C8B1639-5856-4837-8BF3-9677B44C27E2}.Release|Any CPU.Build.0 = Release|Any CPU
		{0C8B1639-5856-4837-8BF3-9677B44C27E2}.Release|x64.ActiveCfg = Release|Any CPU
		{0C8B1639-5856-4837-8BF3-9677B44C27E2}.Release|x64.Build.0 = Release|Any CPU
		{0C8B1639-5856-4837-8BF3-9677B44C27E2}.Release|x86.ActiveCfg = Release|Any CPU
		{0C8B1639-5856-4837-8BF3-9677B44C27E2}.Release|x86.Build.0 = Release|Any CPU
		{BC621CF6-86A2-4958-A506-13E73C9509D3}.Debug|Any CPU.ActiveCfg = Debug|Any CPU
		{BC621CF6-86A2-4958-A506-13E73C9509D3}.Debug|Any CPU.Build.0 = Debug|Any CPU
		{BC621CF6-86A2-4958-A506-13E73C9509D3}.Debug|x64.ActiveCfg = Debug|Any CPU
		{BC621CF6-86A2-4958-A506-13E73C9509D3}.Debug|x64.Build.0 = Debug|Any CPU
		{BC621CF6-86A2-4958-A506-13E73C9509D3}.Debug|x86.ActiveCfg = Debug|Any CPU
		{BC621CF6-86A2-4958-A506-13E73C9509D3}.Debug|x86.Build.0 = Debug|Any CPU
		{BC621CF6-86A2-4958-A506-13E73C9509D3}.Release|Any CPU.ActiveCfg = Release|Any CPU
		{BC621CF6-86A2-4958-A506-13E73C9509D3}.Release|Any CPU.Build.0 = Release|Any CPU
		{BC621CF6-86A2-4958-A506-13E73C9509D3}.Release|x64.ActiveCfg = Release|Any CPU
		{BC621CF6-86A2-4958-A506-13E73C9509D3}.Release|x64.Build.0 = Release|Any CPU
		{BC621CF6-86A2-4958-A506-13E73C9509D3}.Release|x86.ActiveCfg = Release|Any CPU
		{BC621CF6-86A2-4958-A506-13E73C9509D3}.Release|x86.Build.0 = Release|Any CPU
		{711D7F2D-9E42-4595-A149-88F7F708FC0E}.Debug|Any CPU.ActiveCfg = Debug|Any CPU
		{711D7F2D-9E42-4595-A149-88F7F708FC0E}.Debug|Any CPU.Build.0 = Debug|Any CPU
		{711D7F2D-9E42-4595-A149-88F7F708FC0E}.Debug|x64.ActiveCfg = Debug|Any CPU
		{711D7F2D-9E42-4595-A149-88F7F708FC0E}.Debug|x64.Build.0 = Debug|Any CPU
		{711D7F2D-9E42-4595-A149-88F7F708FC0E}.Debug|x86.ActiveCfg = Debug|Any CPU
		{711D7F2D-9E42-4595-A149-88F7F708FC0E}.Debug|x86.Build.0 = Debug|Any CPU
		{711D7F2D-9E42-4595-A149-88F7F708FC0E}.Release|Any CPU.ActiveCfg = Release|Any CPU
		{711D7F2D-9E42-4595-A149-88F7F708FC0E}.Release|Any CPU.Build.0 = Release|Any CPU
		{711D7F2D-9E42-4595-A149-88F7F708FC0E}.Release|x64.ActiveCfg = Release|Any CPU
		{711D7F2D-9E42-4595-A149-88F7F708FC0E}.Release|x64.Build.0 = Release|Any CPU
		{711D7F2D-9E42-4595-A149-88F7F708FC0E}.Release|x86.ActiveCfg = Release|Any CPU
		{711D7F2D-9E42-4595-A149-88F7F708FC0E}.Release|x86.Build.0 = Release|Any CPU
		{CC236A45-8DBB-4EF9-9392-C9C3E87C2ABD}.Debug|Any CPU.ActiveCfg = Debug|Any CPU
		{CC236A45-8DBB-4EF9-9392-C9C3E87C2ABD}.Debug|Any CPU.Build.0 = Debug|Any CPU
		{CC236A45-8DBB-4EF9-9392-C9C3E87C2ABD}.Debug|x64.ActiveCfg = Debug|Any CPU
		{CC236A45-8DBB-4EF9-9392-C9C3E87C2ABD}.Debug|x64.Build.0 = Debug|Any CPU
		{CC236A45-8DBB-4EF9-9392-C9C3E87C2ABD}.Debug|x86.ActiveCfg = Debug|Any CPU
		{CC236A45-8DBB-4EF9-9392-C9C3E87C2ABD}.Debug|x86.Build.0 = Debug|Any CPU
		{CC236A45-8DBB-4EF9-9392-C9C3E87C2ABD}.Release|Any CPU.ActiveCfg = Release|Any CPU
		{CC236A45-8DBB-4EF9-9392-C9C3E87C2ABD}.Release|Any CPU.Build.0 = Release|Any CPU
		{CC236A45-8DBB-4EF9-9392-C9C3E87C2ABD}.Release|x64.ActiveCfg = Release|Any CPU
		{CC236A45-8DBB-4EF9-9392-C9C3E87C2ABD}.Release|x64.Build.0 = Release|Any CPU
		{CC236A45-8DBB-4EF9-9392-C9C3E87C2ABD}.Release|x86.ActiveCfg = Release|Any CPU
		{CC236A45-8DBB-4EF9-9392-C9C3E87C2ABD}.Release|x86.Build.0 = Release|Any CPU
	EndGlobalSection
EndGlobal
